// !$*UTF8*$!
{
	archiveVersion = 1;
	classes = {
	};
	objectVersion = 56;
	objects = {

/* Begin PBXBuildFile section */
		2760004F87D6F5D850F37996 /* Pods_TelefonicaTest_TelefonicaTestUITests.framework in Frameworks */ = {isa = PBXBuildFile; fileRef = 43AB4762D285721A2001F889 /* Pods_TelefonicaTest_TelefonicaTestUITests.framework */; };
		7B86F7BF5BFA5410D95BD6C8 /* Pods_TelefonicaTestTests.framework in Frameworks */ = {isa = PBXBuildFile; fileRef = 2C2CF8D538921F4E8D969022 /* Pods_TelefonicaTestTests.framework */; };
		A7CCD8768AA30E490F39C57C /* Pods_TelefonicaTest.framework in Frameworks */ = {isa = PBXBuildFile; fileRef = 49677710CBC5E726EDA13349 /* Pods_TelefonicaTest.framework */; };
		FE27BAF328E0B7B700BA4C4D /* AppCoordinator.swift in Sources */ = {isa = PBXBuildFile; fileRef = FEA2499328E0B23C007328B5 /* AppCoordinator.swift */; };
		FEA2499228E0B164007328B5 /* MainCoordinator.swift in Sources */ = {isa = PBXBuildFile; fileRef = FEA2499128E0B164007328B5 /* MainCoordinator.swift */; };
		FEA2499428E0B23C007328B5 /* AppCoordinator.swift in Sources */ = {isa = PBXBuildFile; fileRef = FEA2499328E0B23C007328B5 /* AppCoordinator.swift */; };
		FEA2499528E0B28B007328B5 /* MainCoordinator.swift in Sources */ = {isa = PBXBuildFile; fileRef = FEA2499128E0B164007328B5 /* MainCoordinator.swift */; };
		FEAF0B7828DF89FD00998A0D /* GetChannelsUseCaseSpec.swift in Sources */ = {isa = PBXBuildFile; fileRef = FEAF0B7728DF89FD00998A0D /* GetChannelsUseCaseSpec.swift */; };
		FEAF0B7928DF8A5400998A0D /* IsProgramAvailableUseCase.swift in Sources */ = {isa = PBXBuildFile; fileRef = FED6D04028DF6F9700AFD2CB /* IsProgramAvailableUseCase.swift */; };
		FEAF0B7A28DF8A5400998A0D /* GetLiveProgramUseCase.swift in Sources */ = {isa = PBXBuildFile; fileRef = FED2EF3028DE54D10052EF2E /* GetLiveProgramUseCase.swift */; };
		FEAF0B7B28DF8A5400998A0D /* GetCurrentTimeUseCase.swift in Sources */ = {isa = PBXBuildFile; fileRef = FED2EF3628DE5C260052EF2E /* GetCurrentTimeUseCase.swift */; };
		FEAF0B7C28DF8A5400998A0D /* GetChannelsUseCase.swift in Sources */ = {isa = PBXBuildFile; fileRef = FED2EF2E28DE52BB0052EF2E /* GetChannelsUseCase.swift */; };
		FEAF0B7D28DF8BC600998A0D /* ChannelDataSource.swift in Sources */ = {isa = PBXBuildFile; fileRef = FED2EF1528DDE4A00052EF2E /* ChannelDataSource.swift */; };
		FEAF0B7E28DF8BC600998A0D /* ChannelApiDataSource.swift in Sources */ = {isa = PBXBuildFile; fileRef = FED2EF1328DDE4630052EF2E /* ChannelApiDataSource.swift */; };
		FEAF0B7F28DF8BC600998A0D /* ChannelRepository.swift in Sources */ = {isa = PBXBuildFile; fileRef = FED2EF0428DDDD8F0052EF2E /* ChannelRepository.swift */; };
		FEAF0B8028DF8BCA00998A0D /* ChannelListDto.swift in Sources */ = {isa = PBXBuildFile; fileRef = FED2EF3228DE57600052EF2E /* ChannelListDto.swift */; };
		FEAF0B8128DF8BCA00998A0D /* ChannelDto.swift in Sources */ = {isa = PBXBuildFile; fileRef = FED2EF1728DDE5FE0052EF2E /* ChannelDto.swift */; };
		FEAF0B8228DF8BCA00998A0D /* CurrentTimeDto.swift in Sources */ = {isa = PBXBuildFile; fileRef = FED2EF3428DE59640052EF2E /* CurrentTimeDto.swift */; };
		FEAF0B8328DF8BCA00998A0D /* ChannelLiveProgramDto.swift in Sources */ = {isa = PBXBuildFile; fileRef = FED2EF1928DDE6070052EF2E /* ChannelLiveProgramDto.swift */; };
		FEAF0B8428DF8BCA00998A0D /* LiveProgramDto.swift in Sources */ = {isa = PBXBuildFile; fileRef = FED2EF1C28DDF0F90052EF2E /* LiveProgramDto.swift */; };
		FEAF0B8528DF8BCF00998A0D /* LiveProgramRepository.swift in Sources */ = {isa = PBXBuildFile; fileRef = FED2EF2828DDF4BE0052EF2E /* LiveProgramRepository.swift */; };
		FEAF0B8628DF8BCF00998A0D /* LiveProgramDataSource.swift in Sources */ = {isa = PBXBuildFile; fileRef = FED2EF2428DDF38E0052EF2E /* LiveProgramDataSource.swift */; };
		FEAF0B8728DF8BCF00998A0D /* LiveProgramApiDataSource.swift in Sources */ = {isa = PBXBuildFile; fileRef = FED2EF2628DDF3DC0052EF2E /* LiveProgramApiDataSource.swift */; };
		FEAF0B8828DF8BD200998A0D /* DtoMapper.swift in Sources */ = {isa = PBXBuildFile; fileRef = FED2EF2B28DDF6880052EF2E /* DtoMapper.swift */; };
		FEAF0B8928DF8BD600998A0D /* ClockService.swift in Sources */ = {isa = PBXBuildFile; fileRef = FED2EF0C28DDE1C30052EF2E /* ClockService.swift */; };
		FEAF0B8A28DF8BDB00998A0D /* LiveProgram.swift in Sources */ = {isa = PBXBuildFile; fileRef = FED2EF2228DDF2530052EF2E /* LiveProgram.swift */; };
		FEAF0B8B28DF8BDB00998A0D /* Clock.swift in Sources */ = {isa = PBXBuildFile; fileRef = FED2EF0E28DDE2070052EF2E /* Clock.swift */; };
		FEAF0B8C28DF8BDB00998A0D /* TelefonicaError.swift in Sources */ = {isa = PBXBuildFile; fileRef = FED2EEFF28DDD6E90052EF2E /* TelefonicaError.swift */; };
		FEAF0B8D28DF8BDB00998A0D /* Channel.swift in Sources */ = {isa = PBXBuildFile; fileRef = FED2EF0628DDE0100052EF2E /* Channel.swift */; };
		FEAF0B8E28DF8BDB00998A0D /* ProgramCategory.swift in Sources */ = {isa = PBXBuildFile; fileRef = FED2EF1E28DDF1720052EF2E /* ProgramCategory.swift */; };
		FEAF0B8F28DF8BDB00998A0D /* Program.swift in Sources */ = {isa = PBXBuildFile; fileRef = FED2EF2028DDF1C20052EF2E /* Program.swift */; };
		FEAF0B9228DF8C1A00998A0D /* ObjectMother.swift in Sources */ = {isa = PBXBuildFile; fileRef = FEAF0B9128DF8C1A00998A0D /* ObjectMother.swift */; };
		FEAF0B9428DF91AA00998A0D /* ApiClient.swift in Sources */ = {isa = PBXBuildFile; fileRef = FED2EEFC28DDD63F0052EF2E /* ApiClient.swift */; };
		FEAF0B9528DF91AD00998A0D /* UrlSessionApiClient.swift in Sources */ = {isa = PBXBuildFile; fileRef = FED2EF0128DDD9B40052EF2E /* UrlSessionApiClient.swift */; };
		FEAF0BA328DF91EA00998A0D /* LiveProgramView.swift in Sources */ = {isa = PBXBuildFile; fileRef = FED6D03128DF3FAA00AFD2CB /* LiveProgramView.swift */; };
		FEAF0BA428DF91EA00998A0D /* Extensions.swift in Sources */ = {isa = PBXBuildFile; fileRef = FED6D03B28DF49C800AFD2CB /* Extensions.swift */; };
		FEAF0BA528DF91EA00998A0D /* LiveProgramUIModel.swift in Sources */ = {isa = PBXBuildFile; fileRef = FED6D03728DF441A00AFD2CB /* LiveProgramUIModel.swift */; };
		FEAF0BA628DF91EA00998A0D /* ProgramProgressView.swift in Sources */ = {isa = PBXBuildFile; fileRef = FED2EF4428DE67450052EF2E /* ProgramProgressView.swift */; };
		FEAF0BA728DF91EA00998A0D /* LiveProgramViewModel.swift in Sources */ = {isa = PBXBuildFile; fileRef = FED6D03328DF3FB300AFD2CB /* LiveProgramViewModel.swift */; };
		FEAF0BA828DF91EA00998A0D /* Factory.swift in Sources */ = {isa = PBXBuildFile; fileRef = FED2EF1128DDE3B20052EF2E /* Factory.swift */; };
		FEAF0BAA28DF91EA00998A0D /* ChannelListView.swift in Sources */ = {isa = PBXBuildFile; fileRef = FED2EF3F28DE5FE20052EF2E /* ChannelListView.swift */; };
		FEAF0BAB28DF91EA00998A0D /* UIModelMapper.swift in Sources */ = {isa = PBXBuildFile; fileRef = FED2EF4928DE6C9D0052EF2E /* UIModelMapper.swift */; };
		FEAF0BAC28DF91EA00998A0D /* TelefonicaTestApp.swift in Sources */ = {isa = PBXBuildFile; fileRef = FED2EEBC28DDC9540052EF2E /* TelefonicaTestApp.swift */; };
		FEAF0BAD28DF91EA00998A0D /* ScreenStatus.swift in Sources */ = {isa = PBXBuildFile; fileRef = FED6D03528DF3FEA00AFD2CB /* ScreenStatus.swift */; };
		FEAF0BAF28DF91EA00998A0D /* ChannelUIModel.swift in Sources */ = {isa = PBXBuildFile; fileRef = FED2EF4C28DE6D280052EF2E /* ChannelUIModel.swift */; };
		FEAF0BB028DF91EA00998A0D /* ChannelListViewModel.swift in Sources */ = {isa = PBXBuildFile; fileRef = FED2EF4128DE5FF40052EF2E /* ChannelListViewModel.swift */; };
		FEAF0BB228DFA80300998A0D /* GetLiveProgramUseCaseSpec.swift in Sources */ = {isa = PBXBuildFile; fileRef = FEAF0BB128DFA80300998A0D /* GetLiveProgramUseCaseSpec.swift */; };
		FEAF0BB528DFB2EC00998A0D /* TelefonicaTestUITests.swift in Sources */ = {isa = PBXBuildFile; fileRef = FEAF0BB328DFB2EC00998A0D /* TelefonicaTestUITests.swift */; };
		FEAF0BB628DFB2EC00998A0D /* TelefonicaTestUITestsLaunchTests.swift in Sources */ = {isa = PBXBuildFile; fileRef = FEAF0BB428DFB2EC00998A0D /* TelefonicaTestUITestsLaunchTests.swift */; };
		FEAF0BB828DFB77800998A0D /* GetCurrentTimeUseCaseSpec.swift in Sources */ = {isa = PBXBuildFile; fileRef = FEAF0BB728DFB77700998A0D /* GetCurrentTimeUseCaseSpec.swift */; };
		FEAF0BBA28DFB93400998A0D /* IsProgramAvailableUseCaseSpec.swift in Sources */ = {isa = PBXBuildFile; fileRef = FEAF0BB928DFB93400998A0D /* IsProgramAvailableUseCaseSpec.swift */; };
		FED2EEBD28DDC9540052EF2E /* TelefonicaTestApp.swift in Sources */ = {isa = PBXBuildFile; fileRef = FED2EEBC28DDC9540052EF2E /* TelefonicaTestApp.swift */; };
		FED2EEC128DDC9570052EF2E /* Assets.xcassets in Resources */ = {isa = PBXBuildFile; fileRef = FED2EEC028DDC9570052EF2E /* Assets.xcassets */; };
		FED2EEC428DDC9570052EF2E /* Preview Assets.xcassets in Resources */ = {isa = PBXBuildFile; fileRef = FED2EEC328DDC9570052EF2E /* Preview Assets.xcassets */; };
		FED2EEEF28DDCE040052EF2E /* Quick in Frameworks */ = {isa = PBXBuildFile; productRef = FED2EEEE28DDCE040052EF2E /* Quick */; };
		FED2EEF228DDCE240052EF2E /* Nimble in Frameworks */ = {isa = PBXBuildFile; productRef = FED2EEF128DDCE240052EF2E /* Nimble */; };
		FED2EEF528DDCE520052EF2E /* Factory in Frameworks */ = {isa = PBXBuildFile; productRef = FED2EEF428DDCE520052EF2E /* Factory */; };
		FED2EEFD28DDD63F0052EF2E /* ApiClient.swift in Sources */ = {isa = PBXBuildFile; fileRef = FED2EEFC28DDD63F0052EF2E /* ApiClient.swift */; };
		FED2EF0028DDD6E90052EF2E /* TelefonicaError.swift in Sources */ = {isa = PBXBuildFile; fileRef = FED2EEFF28DDD6E90052EF2E /* TelefonicaError.swift */; };
		FED2EF0228DDD9B40052EF2E /* UrlSessionApiClient.swift in Sources */ = {isa = PBXBuildFile; fileRef = FED2EF0128DDD9B40052EF2E /* UrlSessionApiClient.swift */; };
		FED2EF0528DDDD8F0052EF2E /* ChannelRepository.swift in Sources */ = {isa = PBXBuildFile; fileRef = FED2EF0428DDDD8F0052EF2E /* ChannelRepository.swift */; };
		FED2EF0728DDE0100052EF2E /* Channel.swift in Sources */ = {isa = PBXBuildFile; fileRef = FED2EF0628DDE0100052EF2E /* Channel.swift */; };
		FED2EF0D28DDE1C30052EF2E /* ClockService.swift in Sources */ = {isa = PBXBuildFile; fileRef = FED2EF0C28DDE1C30052EF2E /* ClockService.swift */; };
		FED2EF0F28DDE2070052EF2E /* Clock.swift in Sources */ = {isa = PBXBuildFile; fileRef = FED2EF0E28DDE2070052EF2E /* Clock.swift */; };
		FED2EF1228DDE3B20052EF2E /* Factory.swift in Sources */ = {isa = PBXBuildFile; fileRef = FED2EF1128DDE3B20052EF2E /* Factory.swift */; };
		FED2EF1428DDE4630052EF2E /* ChannelApiDataSource.swift in Sources */ = {isa = PBXBuildFile; fileRef = FED2EF1328DDE4630052EF2E /* ChannelApiDataSource.swift */; };
		FED2EF1628DDE4A00052EF2E /* ChannelDataSource.swift in Sources */ = {isa = PBXBuildFile; fileRef = FED2EF1528DDE4A00052EF2E /* ChannelDataSource.swift */; };
		FED2EF1828DDE5FE0052EF2E /* ChannelDto.swift in Sources */ = {isa = PBXBuildFile; fileRef = FED2EF1728DDE5FE0052EF2E /* ChannelDto.swift */; };
		FED2EF1A28DDE6070052EF2E /* ChannelLiveProgramDto.swift in Sources */ = {isa = PBXBuildFile; fileRef = FED2EF1928DDE6070052EF2E /* ChannelLiveProgramDto.swift */; };
		FED2EF1D28DDF0F90052EF2E /* LiveProgramDto.swift in Sources */ = {isa = PBXBuildFile; fileRef = FED2EF1C28DDF0F90052EF2E /* LiveProgramDto.swift */; };
		FED2EF1F28DDF1720052EF2E /* ProgramCategory.swift in Sources */ = {isa = PBXBuildFile; fileRef = FED2EF1E28DDF1720052EF2E /* ProgramCategory.swift */; };
		FED2EF2128DDF1C20052EF2E /* Program.swift in Sources */ = {isa = PBXBuildFile; fileRef = FED2EF2028DDF1C20052EF2E /* Program.swift */; };
		FED2EF2328DDF2530052EF2E /* LiveProgram.swift in Sources */ = {isa = PBXBuildFile; fileRef = FED2EF2228DDF2530052EF2E /* LiveProgram.swift */; };
		FED2EF2528DDF38E0052EF2E /* LiveProgramDataSource.swift in Sources */ = {isa = PBXBuildFile; fileRef = FED2EF2428DDF38E0052EF2E /* LiveProgramDataSource.swift */; };
		FED2EF2728DDF3DC0052EF2E /* LiveProgramApiDataSource.swift in Sources */ = {isa = PBXBuildFile; fileRef = FED2EF2628DDF3DC0052EF2E /* LiveProgramApiDataSource.swift */; };
		FED2EF2928DDF4BE0052EF2E /* LiveProgramRepository.swift in Sources */ = {isa = PBXBuildFile; fileRef = FED2EF2828DDF4BE0052EF2E /* LiveProgramRepository.swift */; };
		FED2EF2C28DDF6880052EF2E /* DtoMapper.swift in Sources */ = {isa = PBXBuildFile; fileRef = FED2EF2B28DDF6880052EF2E /* DtoMapper.swift */; };
		FED2EF2F28DE52BB0052EF2E /* GetChannelsUseCase.swift in Sources */ = {isa = PBXBuildFile; fileRef = FED2EF2E28DE52BB0052EF2E /* GetChannelsUseCase.swift */; };
		FED2EF3128DE54D10052EF2E /* GetLiveProgramUseCase.swift in Sources */ = {isa = PBXBuildFile; fileRef = FED2EF3028DE54D10052EF2E /* GetLiveProgramUseCase.swift */; };
		FED2EF3328DE57600052EF2E /* ChannelListDto.swift in Sources */ = {isa = PBXBuildFile; fileRef = FED2EF3228DE57600052EF2E /* ChannelListDto.swift */; };
		FED2EF3528DE59640052EF2E /* CurrentTimeDto.swift in Sources */ = {isa = PBXBuildFile; fileRef = FED2EF3428DE59640052EF2E /* CurrentTimeDto.swift */; };
		FED2EF3728DE5C260052EF2E /* GetCurrentTimeUseCase.swift in Sources */ = {isa = PBXBuildFile; fileRef = FED2EF3628DE5C260052EF2E /* GetCurrentTimeUseCase.swift */; };
		FED2EF3E28DE5F900052EF2E /* Stinsen in Frameworks */ = {isa = PBXBuildFile; productRef = FED2EF3D28DE5F900052EF2E /* Stinsen */; };
		FED2EF4028DE5FE20052EF2E /* ChannelListView.swift in Sources */ = {isa = PBXBuildFile; fileRef = FED2EF3F28DE5FE20052EF2E /* ChannelListView.swift */; };
		FED2EF4228DE5FF40052EF2E /* ChannelListViewModel.swift in Sources */ = {isa = PBXBuildFile; fileRef = FED2EF4128DE5FF40052EF2E /* ChannelListViewModel.swift */; };
		FED2EF4528DE67450052EF2E /* ProgramProgressView.swift in Sources */ = {isa = PBXBuildFile; fileRef = FED2EF4428DE67450052EF2E /* ProgramProgressView.swift */; };
		FED2EF4A28DE6C9D0052EF2E /* UIModelMapper.swift in Sources */ = {isa = PBXBuildFile; fileRef = FED2EF4928DE6C9D0052EF2E /* UIModelMapper.swift */; };
		FED2EF4D28DE6D280052EF2E /* ChannelUIModel.swift in Sources */ = {isa = PBXBuildFile; fileRef = FED2EF4C28DE6D280052EF2E /* ChannelUIModel.swift */; };
		FED6D03228DF3FAA00AFD2CB /* LiveProgramView.swift in Sources */ = {isa = PBXBuildFile; fileRef = FED6D03128DF3FAA00AFD2CB /* LiveProgramView.swift */; };
		FED6D03428DF3FB300AFD2CB /* LiveProgramViewModel.swift in Sources */ = {isa = PBXBuildFile; fileRef = FED6D03328DF3FB300AFD2CB /* LiveProgramViewModel.swift */; };
		FED6D03628DF3FEA00AFD2CB /* ScreenStatus.swift in Sources */ = {isa = PBXBuildFile; fileRef = FED6D03528DF3FEA00AFD2CB /* ScreenStatus.swift */; };
		FED6D03828DF441A00AFD2CB /* LiveProgramUIModel.swift in Sources */ = {isa = PBXBuildFile; fileRef = FED6D03728DF441A00AFD2CB /* LiveProgramUIModel.swift */; };
		FED6D03C28DF49C800AFD2CB /* Extensions.swift in Sources */ = {isa = PBXBuildFile; fileRef = FED6D03B28DF49C800AFD2CB /* Extensions.swift */; };
		FED6D04128DF6F9700AFD2CB /* IsProgramAvailableUseCase.swift in Sources */ = {isa = PBXBuildFile; fileRef = FED6D04028DF6F9700AFD2CB /* IsProgramAvailableUseCase.swift */; };
		FED7D7AE28E062E4004D48D8 /* ChannelListViewModelSpec.swift in Sources */ = {isa = PBXBuildFile; fileRef = FED7D7AD28E062E4004D48D8 /* ChannelListViewModelSpec.swift */; };
/* End PBXBuildFile section */

/* Begin PBXContainerItemProxy section */
		FED2EECF28DDC9580052EF2E /* PBXContainerItemProxy */ = {
			isa = PBXContainerItemProxy;
			containerPortal = FED2EEB128DDC9540052EF2E /* Project object */;
			proxyType = 1;
			remoteGlobalIDString = FED2EEB828DDC9540052EF2E;
			remoteInfo = TelefonicaTest;
		};
		FED2EED928DDC9580052EF2E /* PBXContainerItemProxy */ = {
			isa = PBXContainerItemProxy;
			containerPortal = FED2EEB128DDC9540052EF2E /* Project object */;
			proxyType = 1;
			remoteGlobalIDString = FED2EEB828DDC9540052EF2E;
			remoteInfo = TelefonicaTest;
		};
/* End PBXContainerItemProxy section */

/* Begin PBXFileReference section */
		1B40AAECA8C9B8E1B7BA5C43 /* Pods-TelefonicaTestTests.release.xcconfig */ = {isa = PBXFileReference; includeInIndex = 1; lastKnownFileType = text.xcconfig; name = "Pods-TelefonicaTestTests.release.xcconfig"; path = "Target Support Files/Pods-TelefonicaTestTests/Pods-TelefonicaTestTests.release.xcconfig"; sourceTree = "<group>"; };
		2C2CF8D538921F4E8D969022 /* Pods_TelefonicaTestTests.framework */ = {isa = PBXFileReference; explicitFileType = wrapper.framework; includeInIndex = 0; path = Pods_TelefonicaTestTests.framework; sourceTree = BUILT_PRODUCTS_DIR; };
		43AB4762D285721A2001F889 /* Pods_TelefonicaTest_TelefonicaTestUITests.framework */ = {isa = PBXFileReference; explicitFileType = wrapper.framework; includeInIndex = 0; path = Pods_TelefonicaTest_TelefonicaTestUITests.framework; sourceTree = BUILT_PRODUCTS_DIR; };
		49677710CBC5E726EDA13349 /* Pods_TelefonicaTest.framework */ = {isa = PBXFileReference; explicitFileType = wrapper.framework; includeInIndex = 0; path = Pods_TelefonicaTest.framework; sourceTree = BUILT_PRODUCTS_DIR; };
		5FB05CDE8E0B2FCE98551F05 /* Pods-TelefonicaTest.debug.xcconfig */ = {isa = PBXFileReference; includeInIndex = 1; lastKnownFileType = text.xcconfig; name = "Pods-TelefonicaTest.debug.xcconfig"; path = "Target Support Files/Pods-TelefonicaTest/Pods-TelefonicaTest.debug.xcconfig"; sourceTree = "<group>"; };
		897FB635BBB4F3DBC710A86D /* Pods-TelefonicaTestTests.debug.xcconfig */ = {isa = PBXFileReference; includeInIndex = 1; lastKnownFileType = text.xcconfig; name = "Pods-TelefonicaTestTests.debug.xcconfig"; path = "Target Support Files/Pods-TelefonicaTestTests/Pods-TelefonicaTestTests.debug.xcconfig"; sourceTree = "<group>"; };
		8B46786236D3B69CC75A177B /* Pods-TelefonicaTest-TelefonicaTestUITests.release.xcconfig */ = {isa = PBXFileReference; includeInIndex = 1; lastKnownFileType = text.xcconfig; name = "Pods-TelefonicaTest-TelefonicaTestUITests.release.xcconfig"; path = "Target Support Files/Pods-TelefonicaTest-TelefonicaTestUITests/Pods-TelefonicaTest-TelefonicaTestUITests.release.xcconfig"; sourceTree = "<group>"; };
		A713F2CA0881BAC0D18B4319 /* Pods-TelefonicaTest-TelefonicaTestUITests.debug.xcconfig */ = {isa = PBXFileReference; includeInIndex = 1; lastKnownFileType = text.xcconfig; name = "Pods-TelefonicaTest-TelefonicaTestUITests.debug.xcconfig"; path = "Target Support Files/Pods-TelefonicaTest-TelefonicaTestUITests/Pods-TelefonicaTest-TelefonicaTestUITests.debug.xcconfig"; sourceTree = "<group>"; };
		DFD11D5C0D4B71427271929A /* Pods-TelefonicaTest.release.xcconfig */ = {isa = PBXFileReference; includeInIndex = 1; lastKnownFileType = text.xcconfig; name = "Pods-TelefonicaTest.release.xcconfig"; path = "Target Support Files/Pods-TelefonicaTest/Pods-TelefonicaTest.release.xcconfig"; sourceTree = "<group>"; };
		FE5ECA7B28DE7D390029DC91 /* Info.plist */ = {isa = PBXFileReference; lastKnownFileType = text.plist; path = Info.plist; sourceTree = "<group>"; };
		FEA2499128E0B164007328B5 /* MainCoordinator.swift */ = {isa = PBXFileReference; fileEncoding = 4; lastKnownFileType = sourcecode.swift; name = MainCoordinator.swift; path = TelefonicaTest/Presentation/MainCoordinator.swift; sourceTree = SOURCE_ROOT; };
		FEA2499328E0B23C007328B5 /* AppCoordinator.swift */ = {isa = PBXFileReference; fileEncoding = 4; lastKnownFileType = sourcecode.swift; path = AppCoordinator.swift; sourceTree = "<group>"; };
		FEAF0B7728DF89FD00998A0D /* GetChannelsUseCaseSpec.swift */ = {isa = PBXFileReference; lastKnownFileType = sourcecode.swift; path = GetChannelsUseCaseSpec.swift; sourceTree = "<group>"; };
		FEAF0B9128DF8C1A00998A0D /* ObjectMother.swift */ = {isa = PBXFileReference; lastKnownFileType = sourcecode.swift; path = ObjectMother.swift; sourceTree = "<group>"; };
		FEAF0BB128DFA80300998A0D /* GetLiveProgramUseCaseSpec.swift */ = {isa = PBXFileReference; lastKnownFileType = sourcecode.swift; path = GetLiveProgramUseCaseSpec.swift; sourceTree = "<group>"; };
		FEAF0BB328DFB2EC00998A0D /* TelefonicaTestUITests.swift */ = {isa = PBXFileReference; fileEncoding = 4; lastKnownFileType = sourcecode.swift; path = TelefonicaTestUITests.swift; sourceTree = "<group>"; };
		FEAF0BB428DFB2EC00998A0D /* TelefonicaTestUITestsLaunchTests.swift */ = {isa = PBXFileReference; fileEncoding = 4; lastKnownFileType = sourcecode.swift; path = TelefonicaTestUITestsLaunchTests.swift; sourceTree = "<group>"; };
		FEAF0BB728DFB77700998A0D /* GetCurrentTimeUseCaseSpec.swift */ = {isa = PBXFileReference; lastKnownFileType = sourcecode.swift; path = GetCurrentTimeUseCaseSpec.swift; sourceTree = "<group>"; };
		FEAF0BB928DFB93400998A0D /* IsProgramAvailableUseCaseSpec.swift */ = {isa = PBXFileReference; lastKnownFileType = sourcecode.swift; path = IsProgramAvailableUseCaseSpec.swift; sourceTree = "<group>"; };
		FED2EEB928DDC9540052EF2E /* TelefonicaTest.app */ = {isa = PBXFileReference; explicitFileType = wrapper.application; includeInIndex = 0; path = TelefonicaTest.app; sourceTree = BUILT_PRODUCTS_DIR; };
		FED2EEBC28DDC9540052EF2E /* TelefonicaTestApp.swift */ = {isa = PBXFileReference; lastKnownFileType = sourcecode.swift; path = TelefonicaTestApp.swift; sourceTree = "<group>"; };
		FED2EEC028DDC9570052EF2E /* Assets.xcassets */ = {isa = PBXFileReference; lastKnownFileType = folder.assetcatalog; path = Assets.xcassets; sourceTree = "<group>"; };
		FED2EEC328DDC9570052EF2E /* Preview Assets.xcassets */ = {isa = PBXFileReference; lastKnownFileType = folder.assetcatalog; path = "Preview Assets.xcassets"; sourceTree = "<group>"; };
		FED2EECE28DDC9580052EF2E /* TelefonicaTestTests.xctest */ = {isa = PBXFileReference; explicitFileType = wrapper.cfbundle; includeInIndex = 0; path = TelefonicaTestTests.xctest; sourceTree = BUILT_PRODUCTS_DIR; };
		FED2EED828DDC9580052EF2E /* TelefonicaTestUITests.xctest */ = {isa = PBXFileReference; explicitFileType = wrapper.cfbundle; includeInIndex = 0; path = TelefonicaTestUITests.xctest; sourceTree = BUILT_PRODUCTS_DIR; };
		FED2EEFC28DDD63F0052EF2E /* ApiClient.swift */ = {isa = PBXFileReference; lastKnownFileType = sourcecode.swift; path = ApiClient.swift; sourceTree = "<group>"; };
		FED2EEFF28DDD6E90052EF2E /* TelefonicaError.swift */ = {isa = PBXFileReference; lastKnownFileType = sourcecode.swift; path = TelefonicaError.swift; sourceTree = "<group>"; };
		FED2EF0128DDD9B40052EF2E /* UrlSessionApiClient.swift */ = {isa = PBXFileReference; lastKnownFileType = sourcecode.swift; path = UrlSessionApiClient.swift; sourceTree = "<group>"; };
		FED2EF0428DDDD8F0052EF2E /* ChannelRepository.swift */ = {isa = PBXFileReference; lastKnownFileType = sourcecode.swift; path = ChannelRepository.swift; sourceTree = "<group>"; };
		FED2EF0628DDE0100052EF2E /* Channel.swift */ = {isa = PBXFileReference; lastKnownFileType = sourcecode.swift; path = Channel.swift; sourceTree = "<group>"; };
		FED2EF0C28DDE1C30052EF2E /* ClockService.swift */ = {isa = PBXFileReference; lastKnownFileType = sourcecode.swift; path = ClockService.swift; sourceTree = "<group>"; };
		FED2EF0E28DDE2070052EF2E /* Clock.swift */ = {isa = PBXFileReference; lastKnownFileType = sourcecode.swift; path = Clock.swift; sourceTree = "<group>"; };
		FED2EF1128DDE3B20052EF2E /* Factory.swift */ = {isa = PBXFileReference; lastKnownFileType = sourcecode.swift; path = Factory.swift; sourceTree = "<group>"; };
		FED2EF1328DDE4630052EF2E /* ChannelApiDataSource.swift */ = {isa = PBXFileReference; lastKnownFileType = sourcecode.swift; path = ChannelApiDataSource.swift; sourceTree = "<group>"; };
		FED2EF1528DDE4A00052EF2E /* ChannelDataSource.swift */ = {isa = PBXFileReference; lastKnownFileType = sourcecode.swift; path = ChannelDataSource.swift; sourceTree = "<group>"; };
		FED2EF1728DDE5FE0052EF2E /* ChannelDto.swift */ = {isa = PBXFileReference; lastKnownFileType = sourcecode.swift; path = ChannelDto.swift; sourceTree = "<group>"; };
		FED2EF1928DDE6070052EF2E /* ChannelLiveProgramDto.swift */ = {isa = PBXFileReference; lastKnownFileType = sourcecode.swift; path = ChannelLiveProgramDto.swift; sourceTree = "<group>"; };
		FED2EF1C28DDF0F90052EF2E /* LiveProgramDto.swift */ = {isa = PBXFileReference; lastKnownFileType = sourcecode.swift; path = LiveProgramDto.swift; sourceTree = "<group>"; };
		FED2EF1E28DDF1720052EF2E /* ProgramCategory.swift */ = {isa = PBXFileReference; lastKnownFileType = sourcecode.swift; path = ProgramCategory.swift; sourceTree = "<group>"; };
		FED2EF2028DDF1C20052EF2E /* Program.swift */ = {isa = PBXFileReference; lastKnownFileType = sourcecode.swift; path = Program.swift; sourceTree = "<group>"; };
		FED2EF2228DDF2530052EF2E /* LiveProgram.swift */ = {isa = PBXFileReference; lastKnownFileType = sourcecode.swift; path = LiveProgram.swift; sourceTree = "<group>"; };
		FED2EF2428DDF38E0052EF2E /* LiveProgramDataSource.swift */ = {isa = PBXFileReference; lastKnownFileType = sourcecode.swift; path = LiveProgramDataSource.swift; sourceTree = "<group>"; };
		FED2EF2628DDF3DC0052EF2E /* LiveProgramApiDataSource.swift */ = {isa = PBXFileReference; lastKnownFileType = sourcecode.swift; path = LiveProgramApiDataSource.swift; sourceTree = "<group>"; };
		FED2EF2828DDF4BE0052EF2E /* LiveProgramRepository.swift */ = {isa = PBXFileReference; lastKnownFileType = sourcecode.swift; path = LiveProgramRepository.swift; sourceTree = "<group>"; };
		FED2EF2B28DDF6880052EF2E /* DtoMapper.swift */ = {isa = PBXFileReference; lastKnownFileType = sourcecode.swift; path = DtoMapper.swift; sourceTree = "<group>"; };
		FED2EF2E28DE52BB0052EF2E /* GetChannelsUseCase.swift */ = {isa = PBXFileReference; lastKnownFileType = sourcecode.swift; path = GetChannelsUseCase.swift; sourceTree = "<group>"; };
		FED2EF3028DE54D10052EF2E /* GetLiveProgramUseCase.swift */ = {isa = PBXFileReference; lastKnownFileType = sourcecode.swift; path = GetLiveProgramUseCase.swift; sourceTree = "<group>"; };
		FED2EF3228DE57600052EF2E /* ChannelListDto.swift */ = {isa = PBXFileReference; lastKnownFileType = sourcecode.swift; path = ChannelListDto.swift; sourceTree = "<group>"; };
		FED2EF3428DE59640052EF2E /* CurrentTimeDto.swift */ = {isa = PBXFileReference; lastKnownFileType = sourcecode.swift; path = CurrentTimeDto.swift; sourceTree = "<group>"; };
		FED2EF3628DE5C260052EF2E /* GetCurrentTimeUseCase.swift */ = {isa = PBXFileReference; lastKnownFileType = sourcecode.swift; path = GetCurrentTimeUseCase.swift; sourceTree = "<group>"; };
		FED2EF3F28DE5FE20052EF2E /* ChannelListView.swift */ = {isa = PBXFileReference; lastKnownFileType = sourcecode.swift; path = ChannelListView.swift; sourceTree = "<group>"; };
		FED2EF4128DE5FF40052EF2E /* ChannelListViewModel.swift */ = {isa = PBXFileReference; lastKnownFileType = sourcecode.swift; path = ChannelListViewModel.swift; sourceTree = "<group>"; };
		FED2EF4428DE67450052EF2E /* ProgramProgressView.swift */ = {isa = PBXFileReference; lastKnownFileType = sourcecode.swift; path = ProgramProgressView.swift; sourceTree = "<group>"; };
		FED2EF4928DE6C9D0052EF2E /* UIModelMapper.swift */ = {isa = PBXFileReference; lastKnownFileType = sourcecode.swift; path = UIModelMapper.swift; sourceTree = "<group>"; };
		FED2EF4C28DE6D280052EF2E /* ChannelUIModel.swift */ = {isa = PBXFileReference; lastKnownFileType = sourcecode.swift; path = ChannelUIModel.swift; sourceTree = "<group>"; };
		FED6D03128DF3FAA00AFD2CB /* LiveProgramView.swift */ = {isa = PBXFileReference; lastKnownFileType = sourcecode.swift; path = LiveProgramView.swift; sourceTree = "<group>"; };
		FED6D03328DF3FB300AFD2CB /* LiveProgramViewModel.swift */ = {isa = PBXFileReference; lastKnownFileType = sourcecode.swift; path = LiveProgramViewModel.swift; sourceTree = "<group>"; };
		FED6D03528DF3FEA00AFD2CB /* ScreenStatus.swift */ = {isa = PBXFileReference; lastKnownFileType = sourcecode.swift; path = ScreenStatus.swift; sourceTree = "<group>"; };
		FED6D03728DF441A00AFD2CB /* LiveProgramUIModel.swift */ = {isa = PBXFileReference; lastKnownFileType = sourcecode.swift; path = LiveProgramUIModel.swift; sourceTree = "<group>"; };
		FED6D03B28DF49C800AFD2CB /* Extensions.swift */ = {isa = PBXFileReference; lastKnownFileType = sourcecode.swift; path = Extensions.swift; sourceTree = "<group>"; };
		FED6D04028DF6F9700AFD2CB /* IsProgramAvailableUseCase.swift */ = {isa = PBXFileReference; lastKnownFileType = sourcecode.swift; path = IsProgramAvailableUseCase.swift; sourceTree = "<group>"; };
		FED7D7AD28E062E4004D48D8 /* ChannelListViewModelSpec.swift */ = {isa = PBXFileReference; lastKnownFileType = sourcecode.swift; path = ChannelListViewModelSpec.swift; sourceTree = "<group>"; };
/* End PBXFileReference section */

/* Begin PBXFrameworksBuildPhase section */
		FED2EEB628DDC9540052EF2E /* Frameworks */ = {
			isa = PBXFrameworksBuildPhase;
			buildActionMask = 2147483647;
			files = (
				FED2EF3E28DE5F900052EF2E /* Stinsen in Frameworks */,
				A7CCD8768AA30E490F39C57C /* Pods_TelefonicaTest.framework in Frameworks */,
				FED2EEF528DDCE520052EF2E /* Factory in Frameworks */,
			);
			runOnlyForDeploymentPostprocessing = 0;
		};
		FED2EECB28DDC9580052EF2E /* Frameworks */ = {
			isa = PBXFrameworksBuildPhase;
			buildActionMask = 2147483647;
			files = (
				FED2EEF228DDCE240052EF2E /* Nimble in Frameworks */,
				FED2EEEF28DDCE040052EF2E /* Quick in Frameworks */,
				7B86F7BF5BFA5410D95BD6C8 /* Pods_TelefonicaTestTests.framework in Frameworks */,
			);
			runOnlyForDeploymentPostprocessing = 0;
		};
		FED2EED528DDC9580052EF2E /* Frameworks */ = {
			isa = PBXFrameworksBuildPhase;
			buildActionMask = 2147483647;
			files = (
				2760004F87D6F5D850F37996 /* Pods_TelefonicaTest_TelefonicaTestUITests.framework in Frameworks */,
			);
			runOnlyForDeploymentPostprocessing = 0;
		};
/* End PBXFrameworksBuildPhase section */

/* Begin PBXGroup section */
		5F792FBD2CB0ED2CF6025AC6 /* Frameworks */ = {
			isa = PBXGroup;
			children = (
				49677710CBC5E726EDA13349 /* Pods_TelefonicaTest.framework */,
				43AB4762D285721A2001F889 /* Pods_TelefonicaTest_TelefonicaTestUITests.framework */,
				2C2CF8D538921F4E8D969022 /* Pods_TelefonicaTestTests.framework */,
			);
			name = Frameworks;
			sourceTree = "<group>";
		};
		ACC24EF4FF349C372F88FD2C /* Pods */ = {
			isa = PBXGroup;
			children = (
				5FB05CDE8E0B2FCE98551F05 /* Pods-TelefonicaTest.debug.xcconfig */,
				DFD11D5C0D4B71427271929A /* Pods-TelefonicaTest.release.xcconfig */,
				A713F2CA0881BAC0D18B4319 /* Pods-TelefonicaTest-TelefonicaTestUITests.debug.xcconfig */,
				8B46786236D3B69CC75A177B /* Pods-TelefonicaTest-TelefonicaTestUITests.release.xcconfig */,
				897FB635BBB4F3DBC710A86D /* Pods-TelefonicaTestTests.debug.xcconfig */,
				1B40AAECA8C9B8E1B7BA5C43 /* Pods-TelefonicaTestTests.release.xcconfig */,
			);
			path = Pods;
			sourceTree = "<group>";
		};
		FEAF0B7328DF89A000998A0D /* Data */ = {
			isa = PBXGroup;
			children = (
			);
			path = Data;
			sourceTree = "<group>";
		};
		FEAF0B7428DF89A400998A0D /* Domain */ = {
			isa = PBXGroup;
			children = (
				FEAF0B7628DF89B400998A0D /* UseCases */,
			);
			path = Domain;
			sourceTree = "<group>";
		};
		FEAF0B7528DF89A600998A0D /* Presentation */ = {
			isa = PBXGroup;
			children = (
				FED7D7AB28E06258004D48D8 /* Snapshots */,
				FED7D7AA28E06249004D48D8 /* ViewModels */,
			);
			path = Presentation;
			sourceTree = "<group>";
		};
		FEAF0B7628DF89B400998A0D /* UseCases */ = {
			isa = PBXGroup;
			children = (
				FEAF0B7728DF89FD00998A0D /* GetChannelsUseCaseSpec.swift */,
				FEAF0BB128DFA80300998A0D /* GetLiveProgramUseCaseSpec.swift */,
				FEAF0BB728DFB77700998A0D /* GetCurrentTimeUseCaseSpec.swift */,
				FEAF0BB928DFB93400998A0D /* IsProgramAvailableUseCaseSpec.swift */,
			);
			path = UseCases;
			sourceTree = "<group>";
		};
		FEAF0B9028DF8C1000998A0D /* Utils */ = {
			isa = PBXGroup;
			children = (
				FEAF0B9128DF8C1A00998A0D /* ObjectMother.swift */,
			);
			path = Utils;
			sourceTree = "<group>";
		};
		FED2EEB028DDC9540052EF2E = {
			isa = PBXGroup;
			children = (
				FED2EEBB28DDC9540052EF2E /* TelefonicaTest */,
				FED2EED128DDC9580052EF2E /* TelefonicaTestTests */,
				FED2EEDB28DDC9580052EF2E /* TelefonicaTestUITests */,
				FED2EEBA28DDC9540052EF2E /* Products */,
				ACC24EF4FF349C372F88FD2C /* Pods */,
				5F792FBD2CB0ED2CF6025AC6 /* Frameworks */,
			);
			sourceTree = "<group>";
		};
		FED2EEBA28DDC9540052EF2E /* Products */ = {
			isa = PBXGroup;
			children = (
				FED2EEB928DDC9540052EF2E /* TelefonicaTest.app */,
				FED2EECE28DDC9580052EF2E /* TelefonicaTestTests.xctest */,
				FED2EED828DDC9580052EF2E /* TelefonicaTestUITests.xctest */,
			);
			name = Products;
			sourceTree = "<group>";
		};
		FED2EEBB28DDC9540052EF2E /* TelefonicaTest */ = {
			isa = PBXGroup;
			children = (
				FE5ECA7B28DE7D390029DC91 /* Info.plist */,
				FED2EEF628DDCE670052EF2E /* Data */,
				FED2EEF728DDCE6B0052EF2E /* Domain */,
				FED2EEF828DDCE6E0052EF2E /* Presentation */,
				FED2EEC028DDC9570052EF2E /* Assets.xcassets */,
				FED2EF1128DDE3B20052EF2E /* Factory.swift */,
				FED2EEC228DDC9570052EF2E /* Preview Content */,
			);
			path = TelefonicaTest;
			sourceTree = "<group>";
		};
		FED2EEC228DDC9570052EF2E /* Preview Content */ = {
			isa = PBXGroup;
			children = (
				FED2EEC328DDC9570052EF2E /* Preview Assets.xcassets */,
			);
			path = "Preview Content";
			sourceTree = "<group>";
		};
		FED2EED128DDC9580052EF2E /* TelefonicaTestTests */ = {
			isa = PBXGroup;
			children = (
				FEAF0B9028DF8C1000998A0D /* Utils */,
				FEAF0B7528DF89A600998A0D /* Presentation */,
				FEAF0B7428DF89A400998A0D /* Domain */,
				FEAF0B7328DF89A000998A0D /* Data */,
			);
			path = TelefonicaTestTests;
			sourceTree = "<group>";
		};
		FED2EEDB28DDC9580052EF2E /* TelefonicaTestUITests */ = {
			isa = PBXGroup;
			children = (
				FEAF0BB328DFB2EC00998A0D /* TelefonicaTestUITests.swift */,
				FEAF0BB428DFB2EC00998A0D /* TelefonicaTestUITestsLaunchTests.swift */,
			);
			path = TelefonicaTestUITests;
			sourceTree = "<group>";
		};
		FED2EEF628DDCE670052EF2E /* Data */ = {
			isa = PBXGroup;
			children = (
				FED2EF0A28DDE1B00052EF2E /* Services */,
				FED2EEFB28DDD59A0052EF2E /* ApiClient */,
				FED2EEFA28DDD5690052EF2E /* Repositories */,
				FED2EEF928DDD5670052EF2E /* Dtos */,
			);
			path = Data;
			sourceTree = "<group>";
		};
		FED2EEF728DDCE6B0052EF2E /* Domain */ = {
			isa = PBXGroup;
			children = (
				FED2EF2D28DE52A20052EF2E /* UseCases */,
				FED2EEFE28DDD6CB0052EF2E /* Models */,
			);
			path = Domain;
			sourceTree = "<group>";
		};
		FED2EEF828DDCE6E0052EF2E /* Presentation */ = {
			isa = PBXGroup;
			children = (
				FED6D03F28DF5C7A00AFD2CB /* Router */,
				FED6D03A28DF49C100AFD2CB /* Utils */,
				FED2EF4B28DE6D1C0052EF2E /* Models */,
				FED2EF4828DE6C8C0052EF2E /* Mapper */,
				FED2EF4328DE672F0052EF2E /* Views */,
				FED2EEBC28DDC9540052EF2E /* TelefonicaTestApp.swift */,
			);
			path = Presentation;
			sourceTree = "<group>";
		};
		FED2EEF928DDD5670052EF2E /* Dtos */ = {
			isa = PBXGroup;
			children = (
				FED2EF1728DDE5FE0052EF2E /* ChannelDto.swift */,
				FED2EF1928DDE6070052EF2E /* ChannelLiveProgramDto.swift */,
				FED2EF1C28DDF0F90052EF2E /* LiveProgramDto.swift */,
				FED2EF3228DE57600052EF2E /* ChannelListDto.swift */,
				FED2EF3428DE59640052EF2E /* CurrentTimeDto.swift */,
			);
			path = Dtos;
			sourceTree = "<group>";
		};
		FED2EEFA28DDD5690052EF2E /* Repositories */ = {
			isa = PBXGroup;
			children = (
				FED2EF2A28DDF6410052EF2E /* Mapper */,
				FED2EF1028DDE3030052EF2E /* LiveProgramRepository */,
				FED2EF0328DDDD3E0052EF2E /* ChannelRepository */,
			);
			path = Repositories;
			sourceTree = "<group>";
		};
		FED2EEFB28DDD59A0052EF2E /* ApiClient */ = {
			isa = PBXGroup;
			children = (
				FED2EEFC28DDD63F0052EF2E /* ApiClient.swift */,
				FED2EF0128DDD9B40052EF2E /* UrlSessionApiClient.swift */,
			);
			path = ApiClient;
			sourceTree = "<group>";
		};
		FED2EEFE28DDD6CB0052EF2E /* Models */ = {
			isa = PBXGroup;
			children = (
				FED2EEFF28DDD6E90052EF2E /* TelefonicaError.swift */,
				FED2EF0628DDE0100052EF2E /* Channel.swift */,
				FED2EF0E28DDE2070052EF2E /* Clock.swift */,
				FED2EF1E28DDF1720052EF2E /* ProgramCategory.swift */,
				FED2EF2028DDF1C20052EF2E /* Program.swift */,
				FED2EF2228DDF2530052EF2E /* LiveProgram.swift */,
			);
			path = Models;
			sourceTree = "<group>";
		};
		FED2EF0328DDDD3E0052EF2E /* ChannelRepository */ = {
			isa = PBXGroup;
			children = (
				FED2EF0428DDDD8F0052EF2E /* ChannelRepository.swift */,
				FED2EF1328DDE4630052EF2E /* ChannelApiDataSource.swift */,
				FED2EF1528DDE4A00052EF2E /* ChannelDataSource.swift */,
			);
			path = ChannelRepository;
			sourceTree = "<group>";
		};
		FED2EF0A28DDE1B00052EF2E /* Services */ = {
			isa = PBXGroup;
			children = (
				FED2EF0B28DDE1B60052EF2E /* ClockService */,
			);
			path = Services;
			sourceTree = "<group>";
		};
		FED2EF0B28DDE1B60052EF2E /* ClockService */ = {
			isa = PBXGroup;
			children = (
				FED2EF0C28DDE1C30052EF2E /* ClockService.swift */,
			);
			path = ClockService;
			sourceTree = "<group>";
		};
		FED2EF1028DDE3030052EF2E /* LiveProgramRepository */ = {
			isa = PBXGroup;
			children = (
				FED2EF2428DDF38E0052EF2E /* LiveProgramDataSource.swift */,
				FED2EF2628DDF3DC0052EF2E /* LiveProgramApiDataSource.swift */,
				FED2EF2828DDF4BE0052EF2E /* LiveProgramRepository.swift */,
			);
			path = LiveProgramRepository;
			sourceTree = "<group>";
		};
		FED2EF2A28DDF6410052EF2E /* Mapper */ = {
			isa = PBXGroup;
			children = (
				FED2EF2B28DDF6880052EF2E /* DtoMapper.swift */,
			);
			path = Mapper;
			sourceTree = "<group>";
		};
		FED2EF2D28DE52A20052EF2E /* UseCases */ = {
			isa = PBXGroup;
			children = (
				FED2EF2E28DE52BB0052EF2E /* GetChannelsUseCase.swift */,
				FED2EF3028DE54D10052EF2E /* GetLiveProgramUseCase.swift */,
				FED2EF3628DE5C260052EF2E /* GetCurrentTimeUseCase.swift */,
				FED6D04028DF6F9700AFD2CB /* IsProgramAvailableUseCase.swift */,
			);
			path = UseCases;
			sourceTree = "<group>";
		};
		FED2EF3828DE5E020052EF2E /* ChannelList */ = {
			isa = PBXGroup;
			children = (
				FED2EF3F28DE5FE20052EF2E /* ChannelListView.swift */,
				FED2EF4128DE5FF40052EF2E /* ChannelListViewModel.swift */,
			);
			path = ChannelList;
			sourceTree = "<group>";
		};
		FED2EF3928DE5E100052EF2E /* LiveProgram */ = {
			isa = PBXGroup;
			children = (
				FED6D03128DF3FAA00AFD2CB /* LiveProgramView.swift */,
				FED6D03328DF3FB300AFD2CB /* LiveProgramViewModel.swift */,
			);
			path = LiveProgram;
			sourceTree = "<group>";
		};
		FED2EF4328DE672F0052EF2E /* Views */ = {
			isa = PBXGroup;
			children = (
				FED2EF3928DE5E100052EF2E /* LiveProgram */,
				FED2EF3828DE5E020052EF2E /* ChannelList */,
				FED2EF4428DE67450052EF2E /* ProgramProgressView.swift */,
				FED6D03528DF3FEA00AFD2CB /* ScreenStatus.swift */,
			);
			path = Views;
			sourceTree = "<group>";
		};
		FED2EF4828DE6C8C0052EF2E /* Mapper */ = {
			isa = PBXGroup;
			children = (
				FED2EF4928DE6C9D0052EF2E /* UIModelMapper.swift */,
			);
			path = Mapper;
			sourceTree = "<group>";
		};
		FED2EF4B28DE6D1C0052EF2E /* Models */ = {
			isa = PBXGroup;
			children = (
				FED2EF4C28DE6D280052EF2E /* ChannelUIModel.swift */,
				FED6D03728DF441A00AFD2CB /* LiveProgramUIModel.swift */,
			);
			path = Models;
			sourceTree = "<group>";
		};
		FED6D03A28DF49C100AFD2CB /* Utils */ = {
			isa = PBXGroup;
			children = (
				FED6D03B28DF49C800AFD2CB /* Extensions.swift */,
			);
			path = Utils;
			sourceTree = "<group>";
		};
		FED6D03F28DF5C7A00AFD2CB /* Router */ = {
			isa = PBXGroup;
			children = (
				FEA2499328E0B23C007328B5 /* AppCoordinator.swift */,
				FEA2499128E0B164007328B5 /* MainCoordinator.swift */,
			);
			path = Router;
			sourceTree = "<group>";
		};
		FED7D7AA28E06249004D48D8 /* ViewModels */ = {
			isa = PBXGroup;
			children = (
				FED7D7AD28E062E4004D48D8 /* ChannelListViewModelSpec.swift */,
			);
			path = ViewModels;
			sourceTree = "<group>";
		};
		FED7D7AB28E06258004D48D8 /* Snapshots */ = {
			isa = PBXGroup;
			children = (
			);
			path = Snapshots;
			sourceTree = "<group>";
		};
/* End PBXGroup section */

/* Begin PBXNativeTarget section */
		FED2EEB828DDC9540052EF2E /* TelefonicaTest */ = {
			isa = PBXNativeTarget;
			buildConfigurationList = FED2EEE228DDC9580052EF2E /* Build configuration list for PBXNativeTarget "TelefonicaTest" */;
			buildPhases = (
				3CCCA0F70C8E3AE6EEFCA38C /* [CP] Check Pods Manifest.lock */,
				FED2EEB528DDC9540052EF2E /* Sources */,
				FED2EEB628DDC9540052EF2E /* Frameworks */,
				FED2EEB728DDC9540052EF2E /* Resources */,
				FED2EEEC28DDCD0E0052EF2E /* SwiftLint */,
			);
			buildRules = (
			);
			dependencies = (
			);
			name = TelefonicaTest;
			packageProductDependencies = (
				FED2EEF428DDCE520052EF2E /* Factory */,
				FED2EF3D28DE5F900052EF2E /* Stinsen */,
			);
			productName = TelefonicaTest;
			productReference = FED2EEB928DDC9540052EF2E /* TelefonicaTest.app */;
			productType = "com.apple.product-type.application";
		};
		FED2EECD28DDC9580052EF2E /* TelefonicaTestTests */ = {
			isa = PBXNativeTarget;
			buildConfigurationList = FED2EEE528DDC9580052EF2E /* Build configuration list for PBXNativeTarget "TelefonicaTestTests" */;
			buildPhases = (
				79C8680166DA3ACE0BEF9D05 /* [CP] Check Pods Manifest.lock */,
				FED2EECA28DDC9580052EF2E /* Sources */,
				FED2EECB28DDC9580052EF2E /* Frameworks */,
				FED2EECC28DDC9580052EF2E /* Resources */,
			);
			buildRules = (
			);
			dependencies = (
				FED2EED028DDC9580052EF2E /* PBXTargetDependency */,
			);
			name = TelefonicaTestTests;
			packageProductDependencies = (
				FED2EEEE28DDCE040052EF2E /* Quick */,
				FED2EEF128DDCE240052EF2E /* Nimble */,
			);
			productName = TelefonicaTestTests;
			productReference = FED2EECE28DDC9580052EF2E /* TelefonicaTestTests.xctest */;
			productType = "com.apple.product-type.bundle.unit-test";
		};
		FED2EED728DDC9580052EF2E /* TelefonicaTestUITests */ = {
			isa = PBXNativeTarget;
			buildConfigurationList = FED2EEE828DDC9580052EF2E /* Build configuration list for PBXNativeTarget "TelefonicaTestUITests" */;
			buildPhases = (
				BD8AC04EC9A0BAE5A4F4115B /* [CP] Check Pods Manifest.lock */,
				FED2EED428DDC9580052EF2E /* Sources */,
				FED2EED528DDC9580052EF2E /* Frameworks */,
				FED2EED628DDC9580052EF2E /* Resources */,
			);
			buildRules = (
			);
			dependencies = (
				FED2EEDA28DDC9580052EF2E /* PBXTargetDependency */,
			);
			name = TelefonicaTestUITests;
			productName = TelefonicaTestUITests;
			productReference = FED2EED828DDC9580052EF2E /* TelefonicaTestUITests.xctest */;
			productType = "com.apple.product-type.bundle.ui-testing";
		};
/* End PBXNativeTarget section */

/* Begin PBXProject section */
		FED2EEB128DDC9540052EF2E /* Project object */ = {
			isa = PBXProject;
			attributes = {
				BuildIndependentTargetsInParallel = 1;
				LastSwiftUpdateCheck = 1400;
				LastUpgradeCheck = 1400;
				TargetAttributes = {
					FED2EEB828DDC9540052EF2E = {
						CreatedOnToolsVersion = 14.0;
					};
					FED2EECD28DDC9580052EF2E = {
						CreatedOnToolsVersion = 14.0;
						LastSwiftMigration = 1400;
						TestTargetID = FED2EEB828DDC9540052EF2E;
					};
					FED2EED728DDC9580052EF2E = {
						CreatedOnToolsVersion = 14.0;
						LastSwiftMigration = 1400;
						TestTargetID = FED2EEB828DDC9540052EF2E;
					};
				};
			};
			buildConfigurationList = FED2EEB428DDC9540052EF2E /* Build configuration list for PBXProject "TelefonicaTest" */;
			compatibilityVersion = "Xcode 14.0";
			developmentRegion = en;
			hasScannedForEncodings = 0;
			knownRegions = (
				en,
				Base,
			);
			mainGroup = FED2EEB028DDC9540052EF2E;
			packageReferences = (
				FED2EEED28DDCE040052EF2E /* XCRemoteSwiftPackageReference "Quick" */,
				FED2EEF028DDCE240052EF2E /* XCRemoteSwiftPackageReference "Nimble" */,
				FED2EEF328DDCE520052EF2E /* XCRemoteSwiftPackageReference "Factory" */,
				FED2EF3C28DE5F900052EF2E /* XCRemoteSwiftPackageReference "stinsen" */,
			);
			productRefGroup = FED2EEBA28DDC9540052EF2E /* Products */;
			projectDirPath = "";
			projectRoot = "";
			targets = (
				FED2EEB828DDC9540052EF2E /* TelefonicaTest */,
				FED2EECD28DDC9580052EF2E /* TelefonicaTestTests */,
				FED2EED728DDC9580052EF2E /* TelefonicaTestUITests */,
			);
		};
/* End PBXProject section */

/* Begin PBXResourcesBuildPhase section */
		FED2EEB728DDC9540052EF2E /* Resources */ = {
			isa = PBXResourcesBuildPhase;
			buildActionMask = 2147483647;
			files = (
				FED2EEC428DDC9570052EF2E /* Preview Assets.xcassets in Resources */,
				FED2EEC128DDC9570052EF2E /* Assets.xcassets in Resources */,
			);
			runOnlyForDeploymentPostprocessing = 0;
		};
		FED2EECC28DDC9580052EF2E /* Resources */ = {
			isa = PBXResourcesBuildPhase;
			buildActionMask = 2147483647;
			files = (
			);
			runOnlyForDeploymentPostprocessing = 0;
		};
		FED2EED628DDC9580052EF2E /* Resources */ = {
			isa = PBXResourcesBuildPhase;
			buildActionMask = 2147483647;
			files = (
			);
			runOnlyForDeploymentPostprocessing = 0;
		};
/* End PBXResourcesBuildPhase section */

/* Begin PBXShellScriptBuildPhase section */
		3CCCA0F70C8E3AE6EEFCA38C /* [CP] Check Pods Manifest.lock */ = {
			isa = PBXShellScriptBuildPhase;
			buildActionMask = 2147483647;
			files = (
			);
			inputFileListPaths = (
			);
			inputPaths = (
				"${PODS_PODFILE_DIR_PATH}/Podfile.lock",
				"${PODS_ROOT}/Manifest.lock",
			);
			name = "[CP] Check Pods Manifest.lock";
			outputFileListPaths = (
			);
			outputPaths = (
				"$(DERIVED_FILE_DIR)/Pods-TelefonicaTest-checkManifestLockResult.txt",
			);
			runOnlyForDeploymentPostprocessing = 0;
			shellPath = /bin/sh;
			shellScript = "diff \"${PODS_PODFILE_DIR_PATH}/Podfile.lock\" \"${PODS_ROOT}/Manifest.lock\" > /dev/null\nif [ $? != 0 ] ; then\n    # print error to STDERR\n    echo \"error: The sandbox is not in sync with the Podfile.lock. Run 'pod install' or update your CocoaPods installation.\" >&2\n    exit 1\nfi\n# This output is used by Xcode 'outputs' to avoid re-running this script phase.\necho \"SUCCESS\" > \"${SCRIPT_OUTPUT_FILE_0}\"\n";
			showEnvVarsInLog = 0;
		};
		79C8680166DA3ACE0BEF9D05 /* [CP] Check Pods Manifest.lock */ = {
			isa = PBXShellScriptBuildPhase;
			buildActionMask = 2147483647;
			files = (
			);
			inputFileListPaths = (
			);
			inputPaths = (
				"${PODS_PODFILE_DIR_PATH}/Podfile.lock",
				"${PODS_ROOT}/Manifest.lock",
			);
			name = "[CP] Check Pods Manifest.lock";
			outputFileListPaths = (
			);
			outputPaths = (
				"$(DERIVED_FILE_DIR)/Pods-TelefonicaTestTests-checkManifestLockResult.txt",
			);
			runOnlyForDeploymentPostprocessing = 0;
			shellPath = /bin/sh;
			shellScript = "diff \"${PODS_PODFILE_DIR_PATH}/Podfile.lock\" \"${PODS_ROOT}/Manifest.lock\" > /dev/null\nif [ $? != 0 ] ; then\n    # print error to STDERR\n    echo \"error: The sandbox is not in sync with the Podfile.lock. Run 'pod install' or update your CocoaPods installation.\" >&2\n    exit 1\nfi\n# This output is used by Xcode 'outputs' to avoid re-running this script phase.\necho \"SUCCESS\" > \"${SCRIPT_OUTPUT_FILE_0}\"\n";
			showEnvVarsInLog = 0;
		};
		BD8AC04EC9A0BAE5A4F4115B /* [CP] Check Pods Manifest.lock */ = {
			isa = PBXShellScriptBuildPhase;
			buildActionMask = 2147483647;
			files = (
			);
			inputFileListPaths = (
			);
			inputPaths = (
				"${PODS_PODFILE_DIR_PATH}/Podfile.lock",
				"${PODS_ROOT}/Manifest.lock",
			);
			name = "[CP] Check Pods Manifest.lock";
			outputFileListPaths = (
			);
			outputPaths = (
				"$(DERIVED_FILE_DIR)/Pods-TelefonicaTest-TelefonicaTestUITests-checkManifestLockResult.txt",
			);
			runOnlyForDeploymentPostprocessing = 0;
			shellPath = /bin/sh;
			shellScript = "diff \"${PODS_PODFILE_DIR_PATH}/Podfile.lock\" \"${PODS_ROOT}/Manifest.lock\" > /dev/null\nif [ $? != 0 ] ; then\n    # print error to STDERR\n    echo \"error: The sandbox is not in sync with the Podfile.lock. Run 'pod install' or update your CocoaPods installation.\" >&2\n    exit 1\nfi\n# This output is used by Xcode 'outputs' to avoid re-running this script phase.\necho \"SUCCESS\" > \"${SCRIPT_OUTPUT_FILE_0}\"\n";
			showEnvVarsInLog = 0;
		};
		FED2EEEC28DDCD0E0052EF2E /* SwiftLint */ = {
			isa = PBXShellScriptBuildPhase;
			alwaysOutOfDate = 1;
			buildActionMask = 2147483647;
			files = (
			);
			inputFileListPaths = (
			);
			inputPaths = (
			);
			name = SwiftLint;
			outputFileListPaths = (
			);
			outputPaths = (
			);
			runOnlyForDeploymentPostprocessing = 0;
			shellPath = /bin/sh;
			shellScript = "${PODS_ROOT}/SwiftLint/swiftlint\n";
		};
/* End PBXShellScriptBuildPhase section */

/* Begin PBXSourcesBuildPhase section */
		FED2EEB528DDC9540052EF2E /* Sources */ = {
			isa = PBXSourcesBuildPhase;
			buildActionMask = 2147483647;
			files = (
				FED2EF0D28DDE1C30052EF2E /* ClockService.swift in Sources */,
				FED2EF4A28DE6C9D0052EF2E /* UIModelMapper.swift in Sources */,
				FED2EF2C28DDF6880052EF2E /* DtoMapper.swift in Sources */,
				FED2EF0028DDD6E90052EF2E /* TelefonicaError.swift in Sources */,
				FED6D04128DF6F9700AFD2CB /* IsProgramAvailableUseCase.swift in Sources */,
				FED2EF1D28DDF0F90052EF2E /* LiveProgramDto.swift in Sources */,
				FED2EF3728DE5C260052EF2E /* GetCurrentTimeUseCase.swift in Sources */,
				FED2EF2F28DE52BB0052EF2E /* GetChannelsUseCase.swift in Sources */,
				FED2EF4228DE5FF40052EF2E /* ChannelListViewModel.swift in Sources */,
				FED2EF1A28DDE6070052EF2E /* ChannelLiveProgramDto.swift in Sources */,
				FED2EF0228DDD9B40052EF2E /* UrlSessionApiClient.swift in Sources */,
				FED2EF3128DE54D10052EF2E /* GetLiveProgramUseCase.swift in Sources */,
				FED2EF2528DDF38E0052EF2E /* LiveProgramDataSource.swift in Sources */,
				FED2EF1428DDE4630052EF2E /* ChannelApiDataSource.swift in Sources */,
				FED6D03C28DF49C800AFD2CB /* Extensions.swift in Sources */,
				FEA2499428E0B23C007328B5 /* AppCoordinator.swift in Sources */,
				FED2EF1228DDE3B20052EF2E /* Factory.swift in Sources */,
				FED2EF4D28DE6D280052EF2E /* ChannelUIModel.swift in Sources */,
				FED2EF4528DE67450052EF2E /* ProgramProgressView.swift in Sources */,
				FED6D03428DF3FB300AFD2CB /* LiveProgramViewModel.swift in Sources */,
				FED2EF0528DDDD8F0052EF2E /* ChannelRepository.swift in Sources */,
				FED2EF1F28DDF1720052EF2E /* ProgramCategory.swift in Sources */,
				FED2EF0F28DDE2070052EF2E /* Clock.swift in Sources */,
				FED2EF4028DE5FE20052EF2E /* ChannelListView.swift in Sources */,
				FED6D03828DF441A00AFD2CB /* LiveProgramUIModel.swift in Sources */,
				FED2EF2728DDF3DC0052EF2E /* LiveProgramApiDataSource.swift in Sources */,
				FED2EF2928DDF4BE0052EF2E /* LiveProgramRepository.swift in Sources */,
				FED2EF2128DDF1C20052EF2E /* Program.swift in Sources */,
				FED6D03228DF3FAA00AFD2CB /* LiveProgramView.swift in Sources */,
				FED2EF1628DDE4A00052EF2E /* ChannelDataSource.swift in Sources */,
				FED2EF3528DE59640052EF2E /* CurrentTimeDto.swift in Sources */,
				FED2EF3328DE57600052EF2E /* ChannelListDto.swift in Sources */,
				FED2EF1828DDE5FE0052EF2E /* ChannelDto.swift in Sources */,
				FED2EEBD28DDC9540052EF2E /* TelefonicaTestApp.swift in Sources */,
				FEA2499228E0B164007328B5 /* MainCoordinator.swift in Sources */,
				FED6D03628DF3FEA00AFD2CB /* ScreenStatus.swift in Sources */,
				FED2EF0728DDE0100052EF2E /* Channel.swift in Sources */,
				FED2EEFD28DDD63F0052EF2E /* ApiClient.swift in Sources */,
				FED2EF2328DDF2530052EF2E /* LiveProgram.swift in Sources */,
			);
			runOnlyForDeploymentPostprocessing = 0;
		};
		FED2EECA28DDC9580052EF2E /* Sources */ = {
			isa = PBXSourcesBuildPhase;
			buildActionMask = 2147483647;
			files = (
				FED7D7AE28E062E4004D48D8 /* ChannelListViewModelSpec.swift in Sources */,
				FEAF0B8828DF8BD200998A0D /* DtoMapper.swift in Sources */,
				FEAF0B8228DF8BCA00998A0D /* CurrentTimeDto.swift in Sources */,
				FEAF0BAA28DF91EA00998A0D /* ChannelListView.swift in Sources */,
				FEAF0BA828DF91EA00998A0D /* Factory.swift in Sources */,
				FEA2499528E0B28B007328B5 /* MainCoordinator.swift in Sources */,
				FEAF0B7A28DF8A5400998A0D /* GetLiveProgramUseCase.swift in Sources */,
				FEAF0B8328DF8BCA00998A0D /* ChannelLiveProgramDto.swift in Sources */,
				FEAF0B7B28DF8A5400998A0D /* GetCurrentTimeUseCase.swift in Sources */,
				FEAF0B8028DF8BCA00998A0D /* ChannelListDto.swift in Sources */,
				FEAF0B7928DF8A5400998A0D /* IsProgramAvailableUseCase.swift in Sources */,
				FEAF0BA428DF91EA00998A0D /* Extensions.swift in Sources */,
				FEAF0BAB28DF91EA00998A0D /* UIModelMapper.swift in Sources */,
				FEAF0BBA28DFB93400998A0D /* IsProgramAvailableUseCaseSpec.swift in Sources */,
				FEAF0B8728DF8BCF00998A0D /* LiveProgramApiDataSource.swift in Sources */,
				FEAF0BA728DF91EA00998A0D /* LiveProgramViewModel.swift in Sources */,
				FEAF0B9528DF91AD00998A0D /* UrlSessionApiClient.swift in Sources */,
				FEAF0B8F28DF8BDB00998A0D /* Program.swift in Sources */,
				FEAF0BAF28DF91EA00998A0D /* ChannelUIModel.swift in Sources */,
				FEAF0BB228DFA80300998A0D /* GetLiveProgramUseCaseSpec.swift in Sources */,
				FEAF0B7F28DF8BC600998A0D /* ChannelRepository.swift in Sources */,
				FEAF0B7E28DF8BC600998A0D /* ChannelApiDataSource.swift in Sources */,
				FEAF0B9428DF91AA00998A0D /* ApiClient.swift in Sources */,
				FEAF0B8A28DF8BDB00998A0D /* LiveProgram.swift in Sources */,
				FEAF0B7828DF89FD00998A0D /* GetChannelsUseCaseSpec.swift in Sources */,
				FEAF0B8428DF8BCA00998A0D /* LiveProgramDto.swift in Sources */,
				FEAF0BAC28DF91EA00998A0D /* TelefonicaTestApp.swift in Sources */,
				FEAF0B8D28DF8BDB00998A0D /* Channel.swift in Sources */,
				FEAF0B8928DF8BD600998A0D /* ClockService.swift in Sources */,
				FEAF0B8B28DF8BDB00998A0D /* Clock.swift in Sources */,
				FEAF0BB028DF91EA00998A0D /* ChannelListViewModel.swift in Sources */,
				FEAF0B8528DF8BCF00998A0D /* LiveProgramRepository.swift in Sources */,
				FEAF0B9228DF8C1A00998A0D /* ObjectMother.swift in Sources */,
				FEAF0B8E28DF8BDB00998A0D /* ProgramCategory.swift in Sources */,
				FEAF0BA628DF91EA00998A0D /* ProgramProgressView.swift in Sources */,
				FEAF0B7D28DF8BC600998A0D /* ChannelDataSource.swift in Sources */,
				FEAF0BAD28DF91EA00998A0D /* ScreenStatus.swift in Sources */,
				FEAF0BB828DFB77800998A0D /* GetCurrentTimeUseCaseSpec.swift in Sources */,
				FEAF0B8628DF8BCF00998A0D /* LiveProgramDataSource.swift in Sources */,
				FEAF0B8C28DF8BDB00998A0D /* TelefonicaError.swift in Sources */,
				FEAF0B7C28DF8A5400998A0D /* GetChannelsUseCase.swift in Sources */,
				FEAF0B8128DF8BCA00998A0D /* ChannelDto.swift in Sources */,
				FE27BAF328E0B7B700BA4C4D /* AppCoordinator.swift in Sources */,
				FEAF0BA528DF91EA00998A0D /* LiveProgramUIModel.swift in Sources */,
				FEAF0BA328DF91EA00998A0D /* LiveProgramView.swift in Sources */,
			);
			runOnlyForDeploymentPostprocessing = 0;
		};
		FED2EED428DDC9580052EF2E /* Sources */ = {
			isa = PBXSourcesBuildPhase;
			buildActionMask = 2147483647;
			files = (
				FEAF0BB628DFB2EC00998A0D /* TelefonicaTestUITestsLaunchTests.swift in Sources */,
				FEAF0BB528DFB2EC00998A0D /* TelefonicaTestUITests.swift in Sources */,
			);
			runOnlyForDeploymentPostprocessing = 0;
		};
/* End PBXSourcesBuildPhase section */

/* Begin PBXTargetDependency section */
		FED2EED028DDC9580052EF2E /* PBXTargetDependency */ = {
			isa = PBXTargetDependency;
			target = FED2EEB828DDC9540052EF2E /* TelefonicaTest */;
			targetProxy = FED2EECF28DDC9580052EF2E /* PBXContainerItemProxy */;
		};
		FED2EEDA28DDC9580052EF2E /* PBXTargetDependency */ = {
			isa = PBXTargetDependency;
			target = FED2EEB828DDC9540052EF2E /* TelefonicaTest */;
			targetProxy = FED2EED928DDC9580052EF2E /* PBXContainerItemProxy */;
		};
/* End PBXTargetDependency section */

/* Begin XCBuildConfiguration section */
		FED2EEE028DDC9580052EF2E /* Debug */ = {
			isa = XCBuildConfiguration;
			buildSettings = {
				ALWAYS_SEARCH_USER_PATHS = NO;
				CLANG_ANALYZER_NONNULL = YES;
				CLANG_ANALYZER_NUMBER_OBJECT_CONVERSION = YES_AGGRESSIVE;
				CLANG_CXX_LANGUAGE_STANDARD = "gnu++20";
				CLANG_ENABLE_MODULES = YES;
				CLANG_ENABLE_OBJC_ARC = YES;
				CLANG_ENABLE_OBJC_WEAK = YES;
				CLANG_WARN_BLOCK_CAPTURE_AUTORELEASING = YES;
				CLANG_WARN_BOOL_CONVERSION = YES;
				CLANG_WARN_COMMA = YES;
				CLANG_WARN_CONSTANT_CONVERSION = YES;
				CLANG_WARN_DEPRECATED_OBJC_IMPLEMENTATIONS = YES;
				CLANG_WARN_DIRECT_OBJC_ISA_USAGE = YES_ERROR;
				CLANG_WARN_DOCUMENTATION_COMMENTS = YES;
				CLANG_WARN_EMPTY_BODY = YES;
				CLANG_WARN_ENUM_CONVERSION = YES;
				CLANG_WARN_INFINITE_RECURSION = YES;
				CLANG_WARN_INT_CONVERSION = YES;
				CLANG_WARN_NON_LITERAL_NULL_CONVERSION = YES;
				CLANG_WARN_OBJC_IMPLICIT_RETAIN_SELF = YES;
				CLANG_WARN_OBJC_LITERAL_CONVERSION = YES;
				CLANG_WARN_OBJC_ROOT_CLASS = YES_ERROR;
				CLANG_WARN_QUOTED_INCLUDE_IN_FRAMEWORK_HEADER = YES;
				CLANG_WARN_RANGE_LOOP_ANALYSIS = YES;
				CLANG_WARN_STRICT_PROTOTYPES = YES;
				CLANG_WARN_SUSPICIOUS_MOVE = YES;
				CLANG_WARN_UNGUARDED_AVAILABILITY = YES_AGGRESSIVE;
				CLANG_WARN_UNREACHABLE_CODE = YES;
				CLANG_WARN__DUPLICATE_METHOD_MATCH = YES;
				COPY_PHASE_STRIP = NO;
				DEBUG_INFORMATION_FORMAT = dwarf;
				ENABLE_STRICT_OBJC_MSGSEND = YES;
				ENABLE_TESTABILITY = YES;
				GCC_C_LANGUAGE_STANDARD = gnu11;
				GCC_DYNAMIC_NO_PIC = NO;
				GCC_NO_COMMON_BLOCKS = YES;
				GCC_OPTIMIZATION_LEVEL = 0;
				GCC_PREPROCESSOR_DEFINITIONS = (
					"DEBUG=1",
					"$(inherited)",
				);
				GCC_WARN_64_TO_32_BIT_CONVERSION = YES;
				GCC_WARN_ABOUT_RETURN_TYPE = YES_ERROR;
				GCC_WARN_UNDECLARED_SELECTOR = YES;
				GCC_WARN_UNINITIALIZED_AUTOS = YES_AGGRESSIVE;
				GCC_WARN_UNUSED_FUNCTION = YES;
				GCC_WARN_UNUSED_VARIABLE = YES;
				IPHONEOS_DEPLOYMENT_TARGET = 16.0;
				MTL_ENABLE_DEBUG_INFO = INCLUDE_SOURCE;
				MTL_FAST_MATH = YES;
				ONLY_ACTIVE_ARCH = YES;
				SDKROOT = iphoneos;
				SWIFT_ACTIVE_COMPILATION_CONDITIONS = DEBUG;
				SWIFT_OPTIMIZATION_LEVEL = "-Onone";
			};
			name = Debug;
		};
		FED2EEE128DDC9580052EF2E /* Release */ = {
			isa = XCBuildConfiguration;
			buildSettings = {
				ALWAYS_SEARCH_USER_PATHS = NO;
				CLANG_ANALYZER_NONNULL = YES;
				CLANG_ANALYZER_NUMBER_OBJECT_CONVERSION = YES_AGGRESSIVE;
				CLANG_CXX_LANGUAGE_STANDARD = "gnu++20";
				CLANG_ENABLE_MODULES = YES;
				CLANG_ENABLE_OBJC_ARC = YES;
				CLANG_ENABLE_OBJC_WEAK = YES;
				CLANG_WARN_BLOCK_CAPTURE_AUTORELEASING = YES;
				CLANG_WARN_BOOL_CONVERSION = YES;
				CLANG_WARN_COMMA = YES;
				CLANG_WARN_CONSTANT_CONVERSION = YES;
				CLANG_WARN_DEPRECATED_OBJC_IMPLEMENTATIONS = YES;
				CLANG_WARN_DIRECT_OBJC_ISA_USAGE = YES_ERROR;
				CLANG_WARN_DOCUMENTATION_COMMENTS = YES;
				CLANG_WARN_EMPTY_BODY = YES;
				CLANG_WARN_ENUM_CONVERSION = YES;
				CLANG_WARN_INFINITE_RECURSION = YES;
				CLANG_WARN_INT_CONVERSION = YES;
				CLANG_WARN_NON_LITERAL_NULL_CONVERSION = YES;
				CLANG_WARN_OBJC_IMPLICIT_RETAIN_SELF = YES;
				CLANG_WARN_OBJC_LITERAL_CONVERSION = YES;
				CLANG_WARN_OBJC_ROOT_CLASS = YES_ERROR;
				CLANG_WARN_QUOTED_INCLUDE_IN_FRAMEWORK_HEADER = YES;
				CLANG_WARN_RANGE_LOOP_ANALYSIS = YES;
				CLANG_WARN_STRICT_PROTOTYPES = YES;
				CLANG_WARN_SUSPICIOUS_MOVE = YES;
				CLANG_WARN_UNGUARDED_AVAILABILITY = YES_AGGRESSIVE;
				CLANG_WARN_UNREACHABLE_CODE = YES;
				CLANG_WARN__DUPLICATE_METHOD_MATCH = YES;
				COPY_PHASE_STRIP = NO;
				DEBUG_INFORMATION_FORMAT = "dwarf-with-dsym";
				ENABLE_NS_ASSERTIONS = NO;
				ENABLE_STRICT_OBJC_MSGSEND = YES;
				GCC_C_LANGUAGE_STANDARD = gnu11;
				GCC_NO_COMMON_BLOCKS = YES;
				GCC_WARN_64_TO_32_BIT_CONVERSION = YES;
				GCC_WARN_ABOUT_RETURN_TYPE = YES_ERROR;
				GCC_WARN_UNDECLARED_SELECTOR = YES;
				GCC_WARN_UNINITIALIZED_AUTOS = YES_AGGRESSIVE;
				GCC_WARN_UNUSED_FUNCTION = YES;
				GCC_WARN_UNUSED_VARIABLE = YES;
				IPHONEOS_DEPLOYMENT_TARGET = 16.0;
				MTL_ENABLE_DEBUG_INFO = NO;
				MTL_FAST_MATH = YES;
				SDKROOT = iphoneos;
				SWIFT_COMPILATION_MODE = wholemodule;
				SWIFT_OPTIMIZATION_LEVEL = "-O";
				VALIDATE_PRODUCT = YES;
			};
			name = Release;
		};
		FED2EEE328DDC9580052EF2E /* Debug */ = {
			isa = XCBuildConfiguration;
			baseConfigurationReference = 5FB05CDE8E0B2FCE98551F05 /* Pods-TelefonicaTest.debug.xcconfig */;
			buildSettings = {
				ASSETCATALOG_COMPILER_APPICON_NAME = AppIcon;
				ASSETCATALOG_COMPILER_GLOBAL_ACCENT_COLOR_NAME = AccentColor;
				CODE_SIGN_STYLE = Automatic;
				CURRENT_PROJECT_VERSION = 1;
				DEVELOPMENT_ASSET_PATHS = "\"TelefonicaTest/Preview Content\"";
				DEVELOPMENT_TEAM = SVW6HF2MTV;
				ENABLE_PREVIEWS = YES;
				GENERATE_INFOPLIST_FILE = YES;
				INFOPLIST_FILE = TelefonicaTest/Info.plist;
				INFOPLIST_KEY_UIApplicationSceneManifest_Generation = YES;
				INFOPLIST_KEY_UIApplicationSupportsIndirectInputEvents = YES;
				INFOPLIST_KEY_UILaunchScreen_Generation = YES;
				INFOPLIST_KEY_UISupportedInterfaceOrientations_iPad = "UIInterfaceOrientationPortrait UIInterfaceOrientationPortraitUpsideDown UIInterfaceOrientationLandscapeLeft UIInterfaceOrientationLandscapeRight";
				INFOPLIST_KEY_UISupportedInterfaceOrientations_iPhone = "UIInterfaceOrientationPortrait UIInterfaceOrientationLandscapeLeft UIInterfaceOrientationLandscapeRight";
				LD_RUNPATH_SEARCH_PATHS = (
					"$(inherited)",
					"@executable_path/Frameworks",
				);
				MARKETING_VERSION = 1.0;
				PRODUCT_BUNDLE_IDENTIFIER = com.yeniellandestoy.TelefonicaTest;
				PRODUCT_NAME = "$(TARGET_NAME)";
				SWIFT_EMIT_LOC_STRINGS = YES;
				SWIFT_VERSION = 5.0;
				TARGETED_DEVICE_FAMILY = "1,2";
			};
			name = Debug;
		};
		FED2EEE428DDC9580052EF2E /* Release */ = {
			isa = XCBuildConfiguration;
			baseConfigurationReference = DFD11D5C0D4B71427271929A /* Pods-TelefonicaTest.release.xcconfig */;
			buildSettings = {
				ASSETCATALOG_COMPILER_APPICON_NAME = AppIcon;
				ASSETCATALOG_COMPILER_GLOBAL_ACCENT_COLOR_NAME = AccentColor;
				CODE_SIGN_STYLE = Automatic;
				CURRENT_PROJECT_VERSION = 1;
				DEVELOPMENT_ASSET_PATHS = "\"TelefonicaTest/Preview Content\"";
				DEVELOPMENT_TEAM = SVW6HF2MTV;
				ENABLE_PREVIEWS = YES;
				GENERATE_INFOPLIST_FILE = YES;
				INFOPLIST_FILE = TelefonicaTest/Info.plist;
				INFOPLIST_KEY_UIApplicationSceneManifest_Generation = YES;
				INFOPLIST_KEY_UIApplicationSupportsIndirectInputEvents = YES;
				INFOPLIST_KEY_UILaunchScreen_Generation = YES;
				INFOPLIST_KEY_UISupportedInterfaceOrientations_iPad = "UIInterfaceOrientationPortrait UIInterfaceOrientationPortraitUpsideDown UIInterfaceOrientationLandscapeLeft UIInterfaceOrientationLandscapeRight";
				INFOPLIST_KEY_UISupportedInterfaceOrientations_iPhone = "UIInterfaceOrientationPortrait UIInterfaceOrientationLandscapeLeft UIInterfaceOrientationLandscapeRight";
				LD_RUNPATH_SEARCH_PATHS = (
					"$(inherited)",
					"@executable_path/Frameworks",
				);
				MARKETING_VERSION = 1.0;
				PRODUCT_BUNDLE_IDENTIFIER = com.yeniellandestoy.TelefonicaTest;
				PRODUCT_NAME = "$(TARGET_NAME)";
				SWIFT_EMIT_LOC_STRINGS = YES;
				SWIFT_VERSION = 5.0;
				TARGETED_DEVICE_FAMILY = "1,2";
			};
			name = Release;
		};
		FED2EEE628DDC9580052EF2E /* Debug */ = {
			isa = XCBuildConfiguration;
			baseConfigurationReference = 897FB635BBB4F3DBC710A86D /* Pods-TelefonicaTestTests.debug.xcconfig */;
			buildSettings = {
				ALWAYS_EMBED_SWIFT_STANDARD_LIBRARIES = YES;
				BUNDLE_LOADER = "$(TEST_HOST)";
				CLANG_ENABLE_MODULES = YES;
				CODE_SIGN_STYLE = Automatic;
				CURRENT_PROJECT_VERSION = 1;
				DEVELOPMENT_TEAM = SVW6HF2MTV;
				GENERATE_INFOPLIST_FILE = YES;
				IPHONEOS_DEPLOYMENT_TARGET = 16.0;
				LD_RUNPATH_SEARCH_PATHS = (
					"$(inherited)",
					"@executable_path/Frameworks",
					"@loader_path/Frameworks",
				);
				MARKETING_VERSION = 1.0;
				PRODUCT_BUNDLE_IDENTIFIER = com.yeniellandestoy.TelefonicaTestTests;
				PRODUCT_NAME = "$(TARGET_NAME)";
				SWIFT_EMIT_LOC_STRINGS = NO;
				SWIFT_OPTIMIZATION_LEVEL = "-Onone";
				SWIFT_VERSION = 5.0;
				TARGETED_DEVICE_FAMILY = "1,2";
				TEST_HOST = "$(BUILT_PRODUCTS_DIR)/TelefonicaTest.app/$(BUNDLE_EXECUTABLE_FOLDER_PATH)/TelefonicaTest";
			};
			name = Debug;
		};
		FED2EEE728DDC9580052EF2E /* Release */ = {
			isa = XCBuildConfiguration;
			baseConfigurationReference = 1B40AAECA8C9B8E1B7BA5C43 /* Pods-TelefonicaTestTests.release.xcconfig */;
			buildSettings = {
				ALWAYS_EMBED_SWIFT_STANDARD_LIBRARIES = YES;
				BUNDLE_LOADER = "$(TEST_HOST)";
				CLANG_ENABLE_MODULES = YES;
				CODE_SIGN_STYLE = Automatic;
				CURRENT_PROJECT_VERSION = 1;
				DEVELOPMENT_TEAM = SVW6HF2MTV;
				GENERATE_INFOPLIST_FILE = YES;
				IPHONEOS_DEPLOYMENT_TARGET = 16.0;
				LD_RUNPATH_SEARCH_PATHS = (
					"$(inherited)",
					"@executable_path/Frameworks",
					"@loader_path/Frameworks",
				);
				MARKETING_VERSION = 1.0;
				PRODUCT_BUNDLE_IDENTIFIER = com.yeniellandestoy.TelefonicaTestTests;
				PRODUCT_NAME = "$(TARGET_NAME)";
				SWIFT_EMIT_LOC_STRINGS = NO;
				SWIFT_VERSION = 5.0;
				TARGETED_DEVICE_FAMILY = "1,2";
				TEST_HOST = "$(BUILT_PRODUCTS_DIR)/TelefonicaTest.app/$(BUNDLE_EXECUTABLE_FOLDER_PATH)/TelefonicaTest";
			};
			name = Release;
		};
		FED2EEE928DDC9580052EF2E /* Debug */ = {
			isa = XCBuildConfiguration;
			baseConfigurationReference = A713F2CA0881BAC0D18B4319 /* Pods-TelefonicaTest-TelefonicaTestUITests.debug.xcconfig */;
			buildSettings = {
				ALWAYS_EMBED_SWIFT_STANDARD_LIBRARIES = YES;
				CLANG_ENABLE_MODULES = YES;
				CODE_SIGN_STYLE = Automatic;
				CURRENT_PROJECT_VERSION = 1;
				DEVELOPMENT_TEAM = SVW6HF2MTV;
				GENERATE_INFOPLIST_FILE = YES;
				LD_RUNPATH_SEARCH_PATHS = (
					"$(inherited)",
					"@executable_path/Frameworks",
					"@loader_path/Frameworks",
				);
				MARKETING_VERSION = 1.0;
				PRODUCT_BUNDLE_IDENTIFIER = com.yeniellandestoy.TelefonicaTestUITests;
				PRODUCT_NAME = "$(TARGET_NAME)";
				SWIFT_EMIT_LOC_STRINGS = NO;
				SWIFT_OPTIMIZATION_LEVEL = "-Onone";
				SWIFT_VERSION = 5.0;
				TARGETED_DEVICE_FAMILY = "1,2";
				TEST_TARGET_NAME = TelefonicaTest;
			};
			name = Debug;
		};
		FED2EEEA28DDC9580052EF2E /* Release */ = {
			isa = XCBuildConfiguration;
			baseConfigurationReference = 8B46786236D3B69CC75A177B /* Pods-TelefonicaTest-TelefonicaTestUITests.release.xcconfig */;
			buildSettings = {
				ALWAYS_EMBED_SWIFT_STANDARD_LIBRARIES = YES;
				CLANG_ENABLE_MODULES = YES;
				CODE_SIGN_STYLE = Automatic;
				CURRENT_PROJECT_VERSION = 1;
				DEVELOPMENT_TEAM = SVW6HF2MTV;
				GENERATE_INFOPLIST_FILE = YES;
				LD_RUNPATH_SEARCH_PATHS = (
					"$(inherited)",
					"@executable_path/Frameworks",
					"@loader_path/Frameworks",
				);
				MARKETING_VERSION = 1.0;
				PRODUCT_BUNDLE_IDENTIFIER = com.yeniellandestoy.TelefonicaTestUITests;
				PRODUCT_NAME = "$(TARGET_NAME)";
				SWIFT_EMIT_LOC_STRINGS = NO;
				SWIFT_VERSION = 5.0;
				TARGETED_DEVICE_FAMILY = "1,2";
				TEST_TARGET_NAME = TelefonicaTest;
			};
			name = Release;
		};
/* End XCBuildConfiguration section */

/* Begin XCConfigurationList section */
		FED2EEB428DDC9540052EF2E /* Build configuration list for PBXProject "TelefonicaTest" */ = {
			isa = XCConfigurationList;
			buildConfigurations = (
				FED2EEE028DDC9580052EF2E /* Debug */,
				FED2EEE128DDC9580052EF2E /* Release */,
			);
			defaultConfigurationIsVisible = 0;
			defaultConfigurationName = Release;
		};
		FED2EEE228DDC9580052EF2E /* Build configuration list for PBXNativeTarget "TelefonicaTest" */ = {
			isa = XCConfigurationList;
			buildConfigurations = (
				FED2EEE328DDC9580052EF2E /* Debug */,
				FED2EEE428DDC9580052EF2E /* Release */,
			);
			defaultConfigurationIsVisible = 0;
			defaultConfigurationName = Release;
		};
		FED2EEE528DDC9580052EF2E /* Build configuration list for PBXNativeTarget "TelefonicaTestTests" */ = {
			isa = XCConfigurationList;
			buildConfigurations = (
				FED2EEE628DDC9580052EF2E /* Debug */,
				FED2EEE728DDC9580052EF2E /* Release */,
			);
			defaultConfigurationIsVisible = 0;
			defaultConfigurationName = Release;
		};
		FED2EEE828DDC9580052EF2E /* Build configuration list for PBXNativeTarget "TelefonicaTestUITests" */ = {
			isa = XCConfigurationList;
			buildConfigurations = (
				FED2EEE928DDC9580052EF2E /* Debug */,
				FED2EEEA28DDC9580052EF2E /* Release */,
			);
			defaultConfigurationIsVisible = 0;
			defaultConfigurationName = Release;
		};
/* End XCConfigurationList section */

/* Begin XCRemoteSwiftPackageReference section */
		FED2EEED28DDCE040052EF2E /* XCRemoteSwiftPackageReference "Quick" */ = {
			isa = XCRemoteSwiftPackageReference;
			repositoryURL = "https://github.com/JosephDuffy/Quick";
			requirement = {
				branch = main;
				kind = branch;
			};
		};
		FED2EEF028DDCE240052EF2E /* XCRemoteSwiftPackageReference "Nimble" */ = {
			isa = XCRemoteSwiftPackageReference;
			repositoryURL = "https://github.com/Quick/Nimble";
			requirement = {
				branch = main;
				kind = branch;
			};
		};
		FED2EEF328DDCE520052EF2E /* XCRemoteSwiftPackageReference "Factory" */ = {
			isa = XCRemoteSwiftPackageReference;
			repositoryURL = "https://github.com/hmlongco/Factory";
			requirement = {
				kind = upToNextMajorVersion;
				minimumVersion = 1.0.0;
			};
		};
		FED2EF3C28DE5F900052EF2E /* XCRemoteSwiftPackageReference "stinsen" */ = {
			isa = XCRemoteSwiftPackageReference;
			repositoryURL = "https://github.com/rundfunk47/stinsen";
			requirement = {
				branch = master;
				kind = branch;
			};
		};
/* End XCRemoteSwiftPackageReference section */

/* Begin XCSwiftPackageProductDependency section */
		FED2EEEE28DDCE040052EF2E /* Quick */ = {
			isa = XCSwiftPackageProductDependency;
			package = FED2EEED28DDCE040052EF2E /* XCRemoteSwiftPackageReference "Quick" */;
			productName = Quick;
		};
		FED2EEF128DDCE240052EF2E /* Nimble */ = {
			isa = XCSwiftPackageProductDependency;
			package = FED2EEF028DDCE240052EF2E /* XCRemoteSwiftPackageReference "Nimble" */;
			productName = Nimble;
		};
		FED2EEF428DDCE520052EF2E /* Factory */ = {
			isa = XCSwiftPackageProductDependency;
			package = FED2EEF328DDCE520052EF2E /* XCRemoteSwiftPackageReference "Factory" */;
			productName = Factory;
		};
		FED2EF3D28DE5F900052EF2E /* Stinsen */ = {
			isa = XCSwiftPackageProductDependency;
			package = FED2EF3C28DE5F900052EF2E /* XCRemoteSwiftPackageReference "stinsen" */;
			productName = Stinsen;
		};
/* End XCSwiftPackageProductDependency section */
	};
	rootObject = FED2EEB128DDC9540052EF2E /* Project object */;
}
